<Solution>
  <Folder Name="/API/">
    <Project Path="API/API.Core/API.Core.csproj" />
    <Project Path="API/API.Specs/API.Specs.csproj" />
  </Folder>
  <Folder Name="/Database/">
    <Project Path="Database/Database.Migrations/Database.Migrations.csproj" />
    <Project Path="Database/Database.Seed/Database.Seed.csproj" />
  </Folder>
  <Folder Name="/Domain/">
    <Project Path="Domain/Domain.csproj" />
  </Folder>
  <Folder Name="/Infrastructure/">
    <Project Path="Infrastructure/Infrastructure.Jwt/Infrastructure.Jwt.csproj" />
    <Project
      Path="Infrastructure/Infrastructure.PasswordHashing/Infrastructure.PasswordHashing.csproj" />
    <Project Path="Infrastructure/Infrastructure.Repository/Repository.Core/Repository.Core.csproj" />
    <Project
      Path="Infrastructure/Infrastructure.Repository/Repository.Tests/Repository.Tests.csproj" />
  </Folder>
  <Folder Name="/Service/">
    <Project Path="Service/Service.Core/Service.Core.csproj" />
  </Folder>
</Solution>
